
Microsoft Visual Studio Solution File, Format Version 12.00
# Visual Studio Version 17
VisualStudioVersion = 17.5.33516.290
MinimumVisualStudioVersion = 10.0.40219.1
Project("{FAE04EC0-301F-11D3-BF4B-00C04F79EFBC}") = "AdvancedGitPractice", "AdvancedGitPractice\AdvancedGitPractice.csproj", "{94B62339-D242-4171-98D5-7D47259E6513}"
EndProject
Global
	GlobalSection(SolutionConfigurationPlatforms) = preSolution
		Debug|Any CPU = Debug|Any CPU
		Release|Any CPU = Release|Any CPU
	EndGlobalSection
	GlobalSection(ProjectConfigurationPlatforms) = postSolution
		{94B62339-D242-4171-98D5-7D47259E6513}.Debug|Any CPU.ActiveCfg = Debug|Any CPU
		{94B62339-D242-4171-98D5-7D47259E6513}.Debug|Any CPU.Build.0 = Debug|Any CPU
		{94B62339-D242-4171-98D5-7D47259E6513}.Release|Any CPU.ActiveCfg = Release|Any CPU
		{94B62339-D242-4171-98D5-7D47259E6513}.Release|Any CPU.Build.0 = Release|Any CPU
	EndGlobalSection
	GlobalSection(SolutionProperties) = preSolution
		HideSolutionNode = FALSE
	EndGlobalSection
	GlobalSection(ExtensibilityGlobals) = postSolution
		SolutionGuid = {C5349832-E1D4-41BA-97BC-2A1C63A5F07E}
	EndGlobalSection
EndGlobal
